
Microsoft Visual Studio Solution File, Format Version 12.00
# Visual Studio Version 17
VisualStudioVersion = 17.3.32825.248
MinimumVisualStudioVersion = 10.0.40219.1
Project("{FAE04EC0-301F-11D3-BF4B-00C04F79EFBC}") = "Tokenizer", "Tokenizer\Tokenizer.csproj", "{09A658C4-1442-4C58-9FAC-BD5E961EC0F6}"
EndProject
Global
	GlobalSection(SolutionConfigurationPlatforms) = preSolution
		Debug|Any CPU = Debug|Any CPU
		Release|Any CPU = Release|Any CPU
	EndGlobalSection
	GlobalSection(ProjectConfigurationPlatforms) = postSolution
		{09A658C4-1442-4C58-9FAC-BD5E961EC0F6}.Debug|Any CPU.ActiveCfg = Debug|Any CPU
		{09A658C4-1442-4C58-9FAC-BD5E961EC0F6}.Debug|Any CPU.Build.0 = Debug|Any CPU
		{09A658C4-1442-4C58-9FAC-BD5E961EC0F6}.Release|Any CPU.ActiveCfg = Release|Any CPU
		{09A658C4-1442-4C58-9FAC-BD5E961EC0F6}.Release|Any CPU.Build.0 = Release|Any CPU
	EndGlobalSection
	GlobalSection(SolutionProperties) = preSolution
		HideSolutionNode = FALSE
	EndGlobalSection
	GlobalSection(ExtensibilityGlobals) = postSolution
		SolutionGuid = {D12453AE-0C90-4C52-94DA-A4FAD9A2AC2C}
	EndGlobalSection
EndGlobal
